
Microsoft Visual Studio Solution File, Format Version 12.00
# Visual Studio Version 17
VisualStudioVersion = 17.14.36623.8 d17.14
MinimumVisualStudioVersion = 10.0.40219.1
Project("{FAE04EC0-301F-11D3-BF4B-00C04F79EFBC}") = "ShippingQuoteApp", "ShippingQuoteApp\ShippingQuoteApp.csproj", "{DB239F0A-D406-4544-B4FE-C422700643B6}"
EndProject
Global
	GlobalSection(SolutionConfigurationPlatforms) = preSolution
		Debug|Any CPU = Debug|Any CPU
		Release|Any CPU = Release|Any CPU
	EndGlobalSection
	GlobalSection(ProjectConfigurationPlatforms) = postSolution
		{DB239F0A-D406-4544-B4FE-C422700643B6}.Debug|Any CPU.ActiveCfg = Debug|Any CPU
		{DB239F0A-D406-4544-B4FE-C422700643B6}.Debug|Any CPU.Build.0 = Debug|Any CPU
		{DB239F0A-D406-4544-B4FE-C422700643B6}.Release|Any CPU.ActiveCfg = Release|Any CPU
		{DB239F0A-D406-4544-B4FE-C422700643B6}.Release|Any CPU.Build.0 = Release|Any CPU
	EndGlobalSection
	GlobalSection(SolutionProperties) = preSolution
		HideSolutionNode = FALSE
	EndGlobalSection
	GlobalSection(ExtensibilityGlobals) = postSolution
		SolutionGuid = {F5C98C6E-FF0F-424B-AF34-300F60842AA7}
	EndGlobalSection
EndGlobal
